
Microsoft Visual Studio Solution File, Format Version 12.00
Project("{FAE04EC0-301F-11D3-BF4B-00C04F79EFBC}") = "GoatHangfire.Dashboard", "GoatHangfire.Dashboard\GoatHangfire.Dashboard.csproj", "{4E0540DB-207B-4F7C-9BAB-B48BE0D08321}"
EndProject
Global
	GlobalSection(SolutionConfigurationPlatforms) = preSolution
		Debug|Any CPU = Debug|Any CPU
		Release|Any CPU = Release|Any CPU
	EndGlobalSection
	GlobalSection(ProjectConfigurationPlatforms) = postSolution
		{4E0540DB-207B-4F7C-9BAB-B48BE0D08321}.Debug|Any CPU.ActiveCfg = Debug|Any CPU
		{4E0540DB-207B-4F7C-9BAB-B48BE0D08321}.Debug|Any CPU.Build.0 = Debug|Any CPU
		{4E0540DB-207B-4F7C-9BAB-B48BE0D08321}.Release|Any CPU.ActiveCfg = Release|Any CPU
		{4E0540DB-207B-4F7C-9BAB-B48BE0D08321}.Release|Any CPU.Build.0 = Release|Any CPU
	EndGlobalSection
EndGlobal
